
Microsoft Visual Studio Solution File, Format Version 12.00
# Visual Studio Version 16
VisualStudioVersion = 16.0.31112.23
MinimumVisualStudioVersion = 10.0.40219.1
Project("{8BC9CEB8-8B4A-11D0-8D11-00A0C91BC942}") = "LexicalAnalyzer", "LexicalAnalyzer\LexicalAnalyzer.vcxproj", "{972CAB60-A4C1-4644-8979-445438A2DDE3}"
EndProject
Global
	GlobalSection(SolutionConfigurationPlatforms) = preSolution
		Debug|x64 = Debug|x64
		Debug|x86 = Debug|x86
		Release|x64 = Release|x64
		Release|x86 = Release|x86
	EndGlobalSection
	GlobalSection(ProjectConfigurationPlatforms) = postSolution
		{972CAB60-A4C1-4644-8979-445438A2DDE3}.Debug|x64.ActiveCfg = Debug|x64
		{972CAB60-A4C1-4644-8979-445438A2DDE3}.Debug|x64.Build.0 = Debug|x64
		{972CAB60-A4C1-4644-8979-445438A2DDE3}.Debug|x86.ActiveCfg = Debug|Win32
		{972CAB60-A4C1-4644-8979-445438A2DDE3}.Debug|x86.Build.0 = Debug|Win32
		{972CAB60-A4C1-4644-8979-445438A2DDE3}.Release|x64.ActiveCfg = Release|x64
		{972CAB60-A4C1-4644-8979-445438A2DDE3}.Release|x64.Build.0 = Release|x64
		{972CAB60-A4C1-4644-8979-445438A2DDE3}.Release|x86.ActiveCfg = Release|Win32
		{972CAB60-A4C1-4644-8979-445438A2DDE3}.Release|x86.Build.0 = Release|Win32
	EndGlobalSection
	GlobalSection(SolutionProperties) = preSolution
		HideSolutionNode = FALSE
	EndGlobalSection
	GlobalSection(ExtensibilityGlobals) = postSolution
		SolutionGuid = {A36CE14F-B632-45F6-96D7-7B87BD5FD46E}
	EndGlobalSection
EndGlobal
